
Microsoft Visual Studio Solution File, Format Version 12.00
# Visual Studio Version 16
VisualStudioVersion = 16.0.30114.105
MinimumVisualStudioVersion = 10.0.40219.1
Project("{2150E333-8FDC-42A3-9474-1A3956D46DE8}") = "03. Services", "03. Services", "{6008E469-44D1-47FB-A9AF-19F2A944F561}"
EndProject
Project("{2150E333-8FDC-42A3-9474-1A3956D46DE8}") = "02. Catalog", "02. Catalog", "{3DBA9C29-4BE1-4B98-900E-C4EFACC68E9F}"
EndProject
Project("{2150E333-8FDC-42A3-9474-1A3956D46DE8}") = "Api", "Api", "{4A76069C-E139-4D4A-95A1-6DF8C43E9256}"
EndProject
Project("{FAE04EC0-301F-11D3-BF4B-00C04F79EFBC}") = "Catalog.Api", "03. Services\02. Catalog\Api\Catalog.Api\Catalog.Api.csproj", "{8E170128-74EB-4CD8-BBD4-588B072200CE}"
EndProject
Project("{2150E333-8FDC-42A3-9474-1A3956D46DE8}") = "Models", "Models", "{0315B935-E40D-4017-9930-30687C9BCAD3}"
EndProject
Project("{FAE04EC0-301F-11D3-BF4B-00C04F79EFBC}") = "Catalog.Domain", "03. Services\02. Catalog\Models\Catalog.Domain\Catalog.Domain.csproj", "{013943A1-0D73-4B17-ABBF-87D1BDE64461}"
EndProject
Project("{2150E333-8FDC-42A3-9474-1A3956D46DE8}") = "Persistence", "Persistence", "{BC295C43-3C01-4780-A1EE-3D8478406433}"
EndProject
Project("{FAE04EC0-301F-11D3-BF4B-00C04F79EFBC}") = "Catalog.Persistence.Database", "03. Services\02. Catalog\Persistence\Catalog.Persistence.Database\Catalog.Persistence.Database.csproj", "{5605A7AF-B0A0-45EE-8D3A-377BC791D932}"
EndProject
Project("{2150E333-8FDC-42A3-9474-1A3956D46DE8}") = "Services", "Services", "{3EE56705-9AF0-45FD-89DB-A6D5592D1943}"
EndProject
Project("{FAE04EC0-301F-11D3-BF4B-00C04F79EFBC}") = "Catalog.Servies.Queries", "03. Services\02. Catalog\Services\Catalog.Servies.Queries\Catalog.Servies.Queries.csproj", "{B5DB88FC-939C-484D-8154-170B37893336}"
EndProject
Project("{2150E333-8FDC-42A3-9474-1A3956D46DE8}") = "Common", "Common", "{D5C6B4B4-7D7F-4896-86B3-E306B0DB1DDA}"
EndProject
Project("{FAE04EC0-301F-11D3-BF4B-00C04F79EFBC}") = "Service.Common.Collection", "03. Services\Common\Service.Common.Collection\Service.Common.Collection.csproj", "{960D5ED5-25B1-41CB-ADC2-AC36902CC0F9}"
EndProject
Project("{FAE04EC0-301F-11D3-BF4B-00C04F79EFBC}") = "Service.Common.Mapping", "03. Services\Common\Service.Common.Mapping\Service.Common.Mapping.csproj", "{699EEDA4-FCD8-468A-90FF-3F7E86F08CBE}"
EndProject
Project("{FAE04EC0-301F-11D3-BF4B-00C04F79EFBC}") = "Service.Common.Pagging", "03. Services\Common\Service.Common.Pagging\Service.Common.Pagging.csproj", "{0AB34A21-2ACF-475B-8CE8-D397F006F520}"
EndProject
Project("{FAE04EC0-301F-11D3-BF4B-00C04F79EFBC}") = "Catalog.Service.EventHandlers", "03. Services\02. Catalog\Services\Catalog.Service.EventHandlers\Catalog.Service.EventHandlers.csproj", "{D24B5C36-93BE-4AA8-93E8-B2A43D9BDD6F}"
EndProject
Project("{2150E333-8FDC-42A3-9474-1A3956D46DE8}") = "Common", "Common", "{60C816CF-A5C6-49DC-8B64-26BAD5307B6B}"
EndProject
Project("{FAE04EC0-301F-11D3-BF4B-00C04F79EFBC}") = "Catalog.Common", "03. Services\02. Catalog\Common\Catalog.Common\Catalog.Common.csproj", "{93657E09-0693-40D4-B495-9ED94EEA2710}"
EndProject
Project("{2150E333-8FDC-42A3-9474-1A3956D46DE8}") = "04. Common", "04. Common", "{9BA99C9C-8249-411F-BDC6-22CBF67A4C52}"
EndProject
Project("{FAE04EC0-301F-11D3-BF4B-00C04F79EFBC}") = "Common.Logging", "04. Common\Common.Logging\Common.Logging.csproj", "{116D9C75-C761-466C-A2D8-C04EFEBAB4CC}"
EndProject
Project("{2150E333-8FDC-42A3-9474-1A3956D46DE8}") = "Testing", "Testing", "{24C8ECFB-94BE-4467-8309-AE6E77FA5F8F}"
EndProject
Project("{FAE04EC0-301F-11D3-BF4B-00C04F79EFBC}") = "Catalog.Tests", "03. Services\02. Catalog\Testing\Catalog.Tests\Catalog.Tests.csproj", "{DB87B40E-D5B9-4D0A-BFEE-4752F148E975}"
EndProject
Project("{2150E333-8FDC-42A3-9474-1A3956D46DE8}") = "03. Customer", "03. Customer", "{1692A693-91E4-4172-9C8F-279C6A11E207}"
EndProject
Project("{2150E333-8FDC-42A3-9474-1A3956D46DE8}") = "Api", "Api", "{3BC6427C-9DA7-49B1-B74A-8B1001699D5A}"
EndProject
Project("{FAE04EC0-301F-11D3-BF4B-00C04F79EFBC}") = "Customer.Api", "03. Services\03. Customer\Api\Customer.Api\Customer.Api.csproj", "{5537C5F3-132F-4EC1-AE7C-3A73C807608D}"
EndProject
Project("{2150E333-8FDC-42A3-9474-1A3956D46DE8}") = "Models", "Models", "{4287BE85-F588-4642-B288-4CE4499DA2B0}"
EndProject
Project("{FAE04EC0-301F-11D3-BF4B-00C04F79EFBC}") = "Customer.Domain", "03. Services\03. Customer\Models\Customer.Domain\Customer.Domain.csproj", "{EAC6987F-877F-474C-A8E9-CCA546C371C8}"
EndProject
Project("{2150E333-8FDC-42A3-9474-1A3956D46DE8}") = "Persistence", "Persistence", "{8B05521C-4A92-4604-9105-8ABB3F314939}"
EndProject
Project("{FAE04EC0-301F-11D3-BF4B-00C04F79EFBC}") = "Customer.Persistence.Database", "03. Services\03. Customer\Persistence\Customer.Persistence.Database\Customer.Persistence.Database.csproj", "{EC33F3BA-FF5D-4489-9EAF-8A52E28A903B}"
EndProject
Project("{2150E333-8FDC-42A3-9474-1A3956D46DE8}") = "Services", "Services", "{87B3C1F5-72A1-43FA-AE66-E6BA44BF38D7}"
EndProject
Project("{FAE04EC0-301F-11D3-BF4B-00C04F79EFBC}") = "Customer.Service.Queries", "03. Services\03. Customer\Services\Customer.Service.Queries\Customer.Service.Queries.csproj", "{99AD8892-4868-4C30-A8C3-418A48BDC34B}"
EndProject
Project("{FAE04EC0-301F-11D3-BF4B-00C04F79EFBC}") = "Customer.Service.EventHandlers", "03. Services\03. Customer\Services\Customer.Service.EventHandlers\Customer.Service.EventHandlers.csproj", "{BD354EB1-DC23-4B8E-AF2C-561FDF0998EE}"
EndProject
Project("{2150E333-8FDC-42A3-9474-1A3956D46DE8}") = "04. Order", "04. Order", "{95A645FD-DA79-4D68-B83D-F74A288B35A5}"
EndProject
Project("{2150E333-8FDC-42A3-9474-1A3956D46DE8}") = "Common", "Common", "{F25D079A-86AD-4060-9DC5-C2A19093A86D}"
EndProject
Project("{FAE04EC0-301F-11D3-BF4B-00C04F79EFBC}") = "Order.Common", "03. Services\04. Order\Common\Order.Common\Order.Common.csproj", "{9AD7BB03-0316-4E64-A43D-039473599F01}"
EndProject
Project("{2150E333-8FDC-42A3-9474-1A3956D46DE8}") = "Models", "Models", "{362FB2F1-B39D-4797-BCEC-FB9173BDE078}"
EndProject
Project("{FAE04EC0-301F-11D3-BF4B-00C04F79EFBC}") = "Order.Domain", "03. Services\04. Order\Models\Order.Domain\Order.Domain.csproj", "{EDB80319-870F-4E46-9867-FBE82D013B4E}"
EndProject
Project("{2150E333-8FDC-42A3-9474-1A3956D46DE8}") = "Persistence", "Persistence", "{659FD055-44DE-4269-986D-13E795616762}"
EndProject
Project("{FAE04EC0-301F-11D3-BF4B-00C04F79EFBC}") = "Order.Persistence.Database", "03. Services\04. Order\Persistence\Order.Persistence.Database\Order.Persistence.Database.csproj", "{165BC341-9167-4469-9597-FA01BF542C6E}"
EndProject
Project("{2150E333-8FDC-42A3-9474-1A3956D46DE8}") = "Services", "Services", "{BE36D7D1-6F1F-458F-AC5E-F0E8C3DEB77D}"
EndProject
Project("{FAE04EC0-301F-11D3-BF4B-00C04F79EFBC}") = "Order.Service.Queries", "03. Services\04. Order\Services\Order.Service.Queries\Order.Service.Queries.csproj", "{DD64DCB5-4532-49A6-994F-3146F094718D}"
EndProject
Project("{FAE04EC0-301F-11D3-BF4B-00C04F79EFBC}") = "Order.Service.EventHandlers", "03. Services\04. Order\Services\Order.Service.EventHandlers\Order.Service.EventHandlers.csproj", "{9CB60392-0C97-4A35-A0A5-B0376AFABC4A}"
EndProject
Project("{2150E333-8FDC-42A3-9474-1A3956D46DE8}") = "Api", "Api", "{AF524F21-DCBA-4BE1-922D-5E701D1C89D7}"
EndProject
Project("{FAE04EC0-301F-11D3-BF4B-00C04F79EFBC}") = "Order.Api", "03. Services\04. Order\Api\Order.Api\Order.Api.csproj", "{B517ADC0-98C8-4A63-AA27-43A2AC044F87}"
EndProject
Project("{FAE04EC0-301F-11D3-BF4B-00C04F79EFBC}") = "Order.Service.Proxies", "03. Services\04. Order\Services\Order.Service.Proxies\Order.Service.Proxies.csproj", "{0F0AD96C-3AD5-4C9D-8C56-A3140117563F}"
EndProject
Project("{2150E333-8FDC-42A3-9474-1A3956D46DE8}") = "01. Identity", "01. Identity", "{EE2715E2-6780-45B7-9F36-12C0D5838634}"
EndProject
Project("{2150E333-8FDC-42A3-9474-1A3956D46DE8}") = "Models", "Models", "{DC3619C6-2B84-44E2-9BEC-BF6BCB2CB049}"
EndProject
Project("{FAE04EC0-301F-11D3-BF4B-00C04F79EFBC}") = "Identity.Domain", "03. Services\01. Identity\Models\Identity.Domain\Identity.Domain.csproj", "{AB04277E-97E5-45AE-8959-A03D6F19C085}"
EndProject
Project("{2150E333-8FDC-42A3-9474-1A3956D46DE8}") = "Persistence", "Persistence", "{540CA640-253D-457F-AB5A-9955F23C03B2}"
EndProject
Project("{FAE04EC0-301F-11D3-BF4B-00C04F79EFBC}") = "Identity.Persistence.Database", "03. Services\01. Identity\Persistence\Identity.Persistence.Database\Identity.Persistence.Database.csproj", "{CE6E563C-6ADA-43AD-BC7D-4333E0982CB8}"
EndProject
Project("{2150E333-8FDC-42A3-9474-1A3956D46DE8}") = "Api", "Api", "{5639BAB9-8656-42FD-90B0-20E9D33794B8}"
EndProject
Project("{FAE04EC0-301F-11D3-BF4B-00C04F79EFBC}") = "Identity.Api", "03. Services\01. Identity\Api\Identity.Api\Identity.Api.csproj", "{B1678A91-C994-47F6-8A7E-8385A3ECF857}"
EndProject
Project("{2150E333-8FDC-42A3-9474-1A3956D46DE8}") = "Services", "Services", "{890B95B2-2A50-4D76-BE91-55F59674C2B2}"
EndProject
Project("{FAE04EC0-301F-11D3-BF4B-00C04F79EFBC}") = "Identity.Service.EventHandlers", "03. Services\01. Identity\Services\Identity.Service.EventHandlers\Identity.Service.EventHandlers.csproj", "{F5776BB8-D2E8-4BA8-BAAA-1AF6C37B385E}"
EndProject
Project("{2150E333-8FDC-42A3-9474-1A3956D46DE8}") = "02. Api.Gateways", "02. Api.Gateways", "{9ADC5627-0B34-4497-87E0-609AC74AFD69}"
EndProject
Project("{2150E333-8FDC-42A3-9474-1A3956D46DE8}") = "APIs", "APIs", "{2B40A808-49C8-4667-B9EB-4553DA7BCD4A}"
EndProject
Project("{FAE04EC0-301F-11D3-BF4B-00C04F79EFBC}") = "Api.Gateway.WebClient", "02. Api.Gateways\APIs\Api.Gateway.WebClient\Api.Gateway.WebClient.csproj", "{8F3757A0-BF8B-493B-945F-3856A27DF784}"
EndProject
Project("{FAE04EC0-301F-11D3-BF4B-00C04F79EFBC}") = "Api.Gateway.Proxies", "02. Api.Gateways\Api.Gateway.Proxies\Api.Gateway.Proxies.csproj", "{6DB7AC27-9656-400A-853E-F51D56F08DA0}"
EndProject
Project("{FAE04EC0-301F-11D3-BF4B-00C04F79EFBC}") = "Api.Gateway.Models", "02. Api.Gateways\Api.Gateway.Models\Api.Gateway.Models.csproj", "{856CA7EB-F5E9-481F-A465-A75AD47F79F1}"
EndProject
Project("{2150E333-8FDC-42A3-9474-1A3956D46DE8}") = "01. Clients", "01. Clients", "{C01FD891-4371-4DCE-9CDD-B3099BD13F3B}"
EndProject
Project("{FAE04EC0-301F-11D3-BF4B-00C04F79EFBC}") = "Clients.Authentication", "01. Clients\Clients.Authentication\Clients.Authentication.csproj", "{A18A195F-994F-454F-99B1-18CEACDA1BBB}"
EndProject
Project("{FAE04EC0-301F-11D3-BF4B-00C04F79EFBC}") = "Clients.WebClient", "01. Clients\Clients.WebClient\Clients.WebClient.csproj", "{E598C2CC-25B4-4CD0-9202-876D35B2F4AD}"
EndProject
Project("{FAE04EC0-301F-11D3-BF4B-00C04F79EFBC}") = "Api.Gateway.WebClient.Proxy", "02. Api.Gateways\APIs\Api.Gateway.WebClient.Proxy\Api.Gateway.WebClient.Proxy.csproj", "{73CC1F38-6850-47BD-9B0D-B700CCEBE869}"
EndProject
Global
	GlobalSection(SolutionConfigurationPlatforms) = preSolution
		Debug|Any CPU = Debug|Any CPU
		Release|Any CPU = Release|Any CPU
	EndGlobalSection
	GlobalSection(SolutionProperties) = preSolution
		HideSolutionNode = FALSE
	EndGlobalSection
	GlobalSection(ProjectConfigurationPlatforms) = postSolution
		{8E170128-74EB-4CD8-BBD4-588B072200CE}.Debug|Any CPU.ActiveCfg = Debug|Any CPU
		{8E170128-74EB-4CD8-BBD4-588B072200CE}.Debug|Any CPU.Build.0 = Debug|Any CPU
		{8E170128-74EB-4CD8-BBD4-588B072200CE}.Release|Any CPU.ActiveCfg = Release|Any CPU
		{8E170128-74EB-4CD8-BBD4-588B072200CE}.Release|Any CPU.Build.0 = Release|Any CPU
		{013943A1-0D73-4B17-ABBF-87D1BDE64461}.Debug|Any CPU.ActiveCfg = Debug|Any CPU
		{013943A1-0D73-4B17-ABBF-87D1BDE64461}.Debug|Any CPU.Build.0 = Debug|Any CPU
		{013943A1-0D73-4B17-ABBF-87D1BDE64461}.Release|Any CPU.ActiveCfg = Release|Any CPU
		{013943A1-0D73-4B17-ABBF-87D1BDE64461}.Release|Any CPU.Build.0 = Release|Any CPU
		{5605A7AF-B0A0-45EE-8D3A-377BC791D932}.Debug|Any CPU.ActiveCfg = Debug|Any CPU
		{5605A7AF-B0A0-45EE-8D3A-377BC791D932}.Debug|Any CPU.Build.0 = Debug|Any CPU
		{5605A7AF-B0A0-45EE-8D3A-377BC791D932}.Release|Any CPU.ActiveCfg = Release|Any CPU
		{5605A7AF-B0A0-45EE-8D3A-377BC791D932}.Release|Any CPU.Build.0 = Release|Any CPU
		{B5DB88FC-939C-484D-8154-170B37893336}.Debug|Any CPU.ActiveCfg = Debug|Any CPU
		{B5DB88FC-939C-484D-8154-170B37893336}.Debug|Any CPU.Build.0 = Debug|Any CPU
		{B5DB88FC-939C-484D-8154-170B37893336}.Release|Any CPU.ActiveCfg = Release|Any CPU
		{B5DB88FC-939C-484D-8154-170B37893336}.Release|Any CPU.Build.0 = Release|Any CPU
		{960D5ED5-25B1-41CB-ADC2-AC36902CC0F9}.Debug|Any CPU.ActiveCfg = Debug|Any CPU
		{960D5ED5-25B1-41CB-ADC2-AC36902CC0F9}.Debug|Any CPU.Build.0 = Debug|Any CPU
		{960D5ED5-25B1-41CB-ADC2-AC36902CC0F9}.Release|Any CPU.ActiveCfg = Release|Any CPU
		{960D5ED5-25B1-41CB-ADC2-AC36902CC0F9}.Release|Any CPU.Build.0 = Release|Any CPU
		{699EEDA4-FCD8-468A-90FF-3F7E86F08CBE}.Debug|Any CPU.ActiveCfg = Debug|Any CPU
		{699EEDA4-FCD8-468A-90FF-3F7E86F08CBE}.Debug|Any CPU.Build.0 = Debug|Any CPU
		{699EEDA4-FCD8-468A-90FF-3F7E86F08CBE}.Release|Any CPU.ActiveCfg = Release|Any CPU
		{699EEDA4-FCD8-468A-90FF-3F7E86F08CBE}.Release|Any CPU.Build.0 = Release|Any CPU
		{0AB34A21-2ACF-475B-8CE8-D397F006F520}.Debug|Any CPU.ActiveCfg = Debug|Any CPU
		{0AB34A21-2ACF-475B-8CE8-D397F006F520}.Debug|Any CPU.Build.0 = Debug|Any CPU
		{0AB34A21-2ACF-475B-8CE8-D397F006F520}.Release|Any CPU.ActiveCfg = Release|Any CPU
		{0AB34A21-2ACF-475B-8CE8-D397F006F520}.Release|Any CPU.Build.0 = Release|Any CPU
		{D24B5C36-93BE-4AA8-93E8-B2A43D9BDD6F}.Debug|Any CPU.ActiveCfg = Debug|Any CPU
		{D24B5C36-93BE-4AA8-93E8-B2A43D9BDD6F}.Debug|Any CPU.Build.0 = Debug|Any CPU
		{D24B5C36-93BE-4AA8-93E8-B2A43D9BDD6F}.Release|Any CPU.ActiveCfg = Release|Any CPU
		{D24B5C36-93BE-4AA8-93E8-B2A43D9BDD6F}.Release|Any CPU.Build.0 = Release|Any CPU
		{93657E09-0693-40D4-B495-9ED94EEA2710}.Debug|Any CPU.ActiveCfg = Debug|Any CPU
		{93657E09-0693-40D4-B495-9ED94EEA2710}.Debug|Any CPU.Build.0 = Debug|Any CPU
		{93657E09-0693-40D4-B495-9ED94EEA2710}.Release|Any CPU.ActiveCfg = Release|Any CPU
		{93657E09-0693-40D4-B495-9ED94EEA2710}.Release|Any CPU.Build.0 = Release|Any CPU
		{116D9C75-C761-466C-A2D8-C04EFEBAB4CC}.Debug|Any CPU.ActiveCfg = Debug|Any CPU
		{116D9C75-C761-466C-A2D8-C04EFEBAB4CC}.Debug|Any CPU.Build.0 = Debug|Any CPU
		{116D9C75-C761-466C-A2D8-C04EFEBAB4CC}.Release|Any CPU.ActiveCfg = Release|Any CPU
		{116D9C75-C761-466C-A2D8-C04EFEBAB4CC}.Release|Any CPU.Build.0 = Release|Any CPU
		{DB87B40E-D5B9-4D0A-BFEE-4752F148E975}.Debug|Any CPU.ActiveCfg = Debug|Any CPU
		{DB87B40E-D5B9-4D0A-BFEE-4752F148E975}.Debug|Any CPU.Build.0 = Debug|Any CPU
		{DB87B40E-D5B9-4D0A-BFEE-4752F148E975}.Release|Any CPU.ActiveCfg = Release|Any CPU
		{DB87B40E-D5B9-4D0A-BFEE-4752F148E975}.Release|Any CPU.Build.0 = Release|Any CPU
		{5537C5F3-132F-4EC1-AE7C-3A73C807608D}.Debug|Any CPU.ActiveCfg = Debug|Any CPU
		{5537C5F3-132F-4EC1-AE7C-3A73C807608D}.Debug|Any CPU.Build.0 = Debug|Any CPU
		{5537C5F3-132F-4EC1-AE7C-3A73C807608D}.Release|Any CPU.ActiveCfg = Release|Any CPU
		{5537C5F3-132F-4EC1-AE7C-3A73C807608D}.Release|Any CPU.Build.0 = Release|Any CPU
		{EAC6987F-877F-474C-A8E9-CCA546C371C8}.Debug|Any CPU.ActiveCfg = Debug|Any CPU
		{EAC6987F-877F-474C-A8E9-CCA546C371C8}.Debug|Any CPU.Build.0 = Debug|Any CPU
		{EAC6987F-877F-474C-A8E9-CCA546C371C8}.Release|Any CPU.ActiveCfg = Release|Any CPU
		{EAC6987F-877F-474C-A8E9-CCA546C371C8}.Release|Any CPU.Build.0 = Release|Any CPU
		{EC33F3BA-FF5D-4489-9EAF-8A52E28A903B}.Debug|Any CPU.ActiveCfg = Debug|Any CPU
		{EC33F3BA-FF5D-4489-9EAF-8A52E28A903B}.Debug|Any CPU.Build.0 = Debug|Any CPU
		{EC33F3BA-FF5D-4489-9EAF-8A52E28A903B}.Release|Any CPU.ActiveCfg = Release|Any CPU
		{EC33F3BA-FF5D-4489-9EAF-8A52E28A903B}.Release|Any CPU.Build.0 = Release|Any CPU
		{99AD8892-4868-4C30-A8C3-418A48BDC34B}.Debug|Any CPU.ActiveCfg = Debug|Any CPU
		{99AD8892-4868-4C30-A8C3-418A48BDC34B}.Debug|Any CPU.Build.0 = Debug|Any CPU
		{99AD8892-4868-4C30-A8C3-418A48BDC34B}.Release|Any CPU.ActiveCfg = Release|Any CPU
		{99AD8892-4868-4C30-A8C3-418A48BDC34B}.Release|Any CPU.Build.0 = Release|Any CPU
		{BD354EB1-DC23-4B8E-AF2C-561FDF0998EE}.Debug|Any CPU.ActiveCfg = Debug|Any CPU
		{BD354EB1-DC23-4B8E-AF2C-561FDF0998EE}.Debug|Any CPU.Build.0 = Debug|Any CPU
		{BD354EB1-DC23-4B8E-AF2C-561FDF0998EE}.Release|Any CPU.ActiveCfg = Release|Any CPU
		{BD354EB1-DC23-4B8E-AF2C-561FDF0998EE}.Release|Any CPU.Build.0 = Release|Any CPU
		{9AD7BB03-0316-4E64-A43D-039473599F01}.Debug|Any CPU.ActiveCfg = Debug|Any CPU
		{9AD7BB03-0316-4E64-A43D-039473599F01}.Debug|Any CPU.Build.0 = Debug|Any CPU
		{9AD7BB03-0316-4E64-A43D-039473599F01}.Release|Any CPU.ActiveCfg = Release|Any CPU
		{9AD7BB03-0316-4E64-A43D-039473599F01}.Release|Any CPU.Build.0 = Release|Any CPU
		{EDB80319-870F-4E46-9867-FBE82D013B4E}.Debug|Any CPU.ActiveCfg = Debug|Any CPU
		{EDB80319-870F-4E46-9867-FBE82D013B4E}.Debug|Any CPU.Build.0 = Debug|Any CPU
		{EDB80319-870F-4E46-9867-FBE82D013B4E}.Release|Any CPU.ActiveCfg = Release|Any CPU
		{EDB80319-870F-4E46-9867-FBE82D013B4E}.Release|Any CPU.Build.0 = Release|Any CPU
		{165BC341-9167-4469-9597-FA01BF542C6E}.Debug|Any CPU.ActiveCfg = Debug|Any CPU
		{165BC341-9167-4469-9597-FA01BF542C6E}.Debug|Any CPU.Build.0 = Debug|Any CPU
		{165BC341-9167-4469-9597-FA01BF542C6E}.Release|Any CPU.ActiveCfg = Release|Any CPU
		{165BC341-9167-4469-9597-FA01BF542C6E}.Release|Any CPU.Build.0 = Release|Any CPU
		{DD64DCB5-4532-49A6-994F-3146F094718D}.Debug|Any CPU.ActiveCfg = Debug|Any CPU
		{DD64DCB5-4532-49A6-994F-3146F094718D}.Debug|Any CPU.Build.0 = Debug|Any CPU
		{DD64DCB5-4532-49A6-994F-3146F094718D}.Release|Any CPU.ActiveCfg = Release|Any CPU
		{DD64DCB5-4532-49A6-994F-3146F094718D}.Release|Any CPU.Build.0 = Release|Any CPU
		{9CB60392-0C97-4A35-A0A5-B0376AFABC4A}.Debug|Any CPU.ActiveCfg = Debug|Any CPU
		{9CB60392-0C97-4A35-A0A5-B0376AFABC4A}.Debug|Any CPU.Build.0 = Debug|Any CPU
		{9CB60392-0C97-4A35-A0A5-B0376AFABC4A}.Release|Any CPU.ActiveCfg = Release|Any CPU
		{9CB60392-0C97-4A35-A0A5-B0376AFABC4A}.Release|Any CPU.Build.0 = Release|Any CPU
		{B517ADC0-98C8-4A63-AA27-43A2AC044F87}.Debug|Any CPU.ActiveCfg = Debug|Any CPU
		{B517ADC0-98C8-4A63-AA27-43A2AC044F87}.Debug|Any CPU.Build.0 = Debug|Any CPU
		{B517ADC0-98C8-4A63-AA27-43A2AC044F87}.Release|Any CPU.ActiveCfg = Release|Any CPU
		{B517ADC0-98C8-4A63-AA27-43A2AC044F87}.Release|Any CPU.Build.0 = Release|Any CPU
		{0F0AD96C-3AD5-4C9D-8C56-A3140117563F}.Debug|Any CPU.ActiveCfg = Debug|Any CPU
		{0F0AD96C-3AD5-4C9D-8C56-A3140117563F}.Debug|Any CPU.Build.0 = Debug|Any CPU
		{0F0AD96C-3AD5-4C9D-8C56-A3140117563F}.Release|Any CPU.ActiveCfg = Release|Any CPU
		{0F0AD96C-3AD5-4C9D-8C56-A3140117563F}.Release|Any CPU.Build.0 = Release|Any CPU
		{AB04277E-97E5-45AE-8959-A03D6F19C085}.Debug|Any CPU.ActiveCfg = Debug|Any CPU
		{AB04277E-97E5-45AE-8959-A03D6F19C085}.Debug|Any CPU.Build.0 = Debug|Any CPU
		{AB04277E-97E5-45AE-8959-A03D6F19C085}.Release|Any CPU.ActiveCfg = Release|Any CPU
		{AB04277E-97E5-45AE-8959-A03D6F19C085}.Release|Any CPU.Build.0 = Release|Any CPU
		{CE6E563C-6ADA-43AD-BC7D-4333E0982CB8}.Debug|Any CPU.ActiveCfg = Debug|Any CPU
		{CE6E563C-6ADA-43AD-BC7D-4333E0982CB8}.Debug|Any CPU.Build.0 = Debug|Any CPU
		{CE6E563C-6ADA-43AD-BC7D-4333E0982CB8}.Release|Any CPU.ActiveCfg = Release|Any CPU
		{CE6E563C-6ADA-43AD-BC7D-4333E0982CB8}.Release|Any CPU.Build.0 = Release|Any CPU
		{B1678A91-C994-47F6-8A7E-8385A3ECF857}.Debug|Any CPU.ActiveCfg = Debug|Any CPU
		{B1678A91-C994-47F6-8A7E-8385A3ECF857}.Debug|Any CPU.Build.0 = Debug|Any CPU
		{B1678A91-C994-47F6-8A7E-8385A3ECF857}.Release|Any CPU.ActiveCfg = Release|Any CPU
		{B1678A91-C994-47F6-8A7E-8385A3ECF857}.Release|Any CPU.Build.0 = Release|Any CPU
		{F5776BB8-D2E8-4BA8-BAAA-1AF6C37B385E}.Debug|Any CPU.ActiveCfg = Debug|Any CPU
		{F5776BB8-D2E8-4BA8-BAAA-1AF6C37B385E}.Debug|Any CPU.Build.0 = Debug|Any CPU
		{F5776BB8-D2E8-4BA8-BAAA-1AF6C37B385E}.Release|Any CPU.ActiveCfg = Release|Any CPU
		{F5776BB8-D2E8-4BA8-BAAA-1AF6C37B385E}.Release|Any CPU.Build.0 = Release|Any CPU
		{8F3757A0-BF8B-493B-945F-3856A27DF784}.Debug|Any CPU.ActiveCfg = Debug|Any CPU
		{8F3757A0-BF8B-493B-945F-3856A27DF784}.Debug|Any CPU.Build.0 = Debug|Any CPU
		{8F3757A0-BF8B-493B-945F-3856A27DF784}.Release|Any CPU.ActiveCfg = Release|Any CPU
		{8F3757A0-BF8B-493B-945F-3856A27DF784}.Release|Any CPU.Build.0 = Release|Any CPU
		{6DB7AC27-9656-400A-853E-F51D56F08DA0}.Debug|Any CPU.ActiveCfg = Debug|Any CPU
		{6DB7AC27-9656-400A-853E-F51D56F08DA0}.Debug|Any CPU.Build.0 = Debug|Any CPU
		{6DB7AC27-9656-400A-853E-F51D56F08DA0}.Release|Any CPU.ActiveCfg = Release|Any CPU
		{6DB7AC27-9656-400A-853E-F51D56F08DA0}.Release|Any CPU.Build.0 = Release|Any CPU
		{856CA7EB-F5E9-481F-A465-A75AD47F79F1}.Debug|Any CPU.ActiveCfg = Debug|Any CPU
		{856CA7EB-F5E9-481F-A465-A75AD47F79F1}.Debug|Any CPU.Build.0 = Debug|Any CPU
		{856CA7EB-F5E9-481F-A465-A75AD47F79F1}.Release|Any CPU.ActiveCfg = Release|Any CPU
		{856CA7EB-F5E9-481F-A465-A75AD47F79F1}.Release|Any CPU.Build.0 = Release|Any CPU
		{A18A195F-994F-454F-99B1-18CEACDA1BBB}.Debug|Any CPU.ActiveCfg = Debug|Any CPU
		{A18A195F-994F-454F-99B1-18CEACDA1BBB}.Debug|Any CPU.Build.0 = Debug|Any CPU
		{A18A195F-994F-454F-99B1-18CEACDA1BBB}.Release|Any CPU.ActiveCfg = Release|Any CPU
		{A18A195F-994F-454F-99B1-18CEACDA1BBB}.Release|Any CPU.Build.0 = Release|Any CPU
		{E598C2CC-25B4-4CD0-9202-876D35B2F4AD}.Debug|Any CPU.ActiveCfg = Debug|Any CPU
		{E598C2CC-25B4-4CD0-9202-876D35B2F4AD}.Debug|Any CPU.Build.0 = Debug|Any CPU
		{E598C2CC-25B4-4CD0-9202-876D35B2F4AD}.Release|Any CPU.ActiveCfg = Release|Any CPU
		{E598C2CC-25B4-4CD0-9202-876D35B2F4AD}.Release|Any CPU.Build.0 = Release|Any CPU
		{73CC1F38-6850-47BD-9B0D-B700CCEBE869}.Debug|Any CPU.ActiveCfg = Debug|Any CPU
		{73CC1F38-6850-47BD-9B0D-B700CCEBE869}.Debug|Any CPU.Build.0 = Debug|Any CPU
		{73CC1F38-6850-47BD-9B0D-B700CCEBE869}.Release|Any CPU.ActiveCfg = Release|Any CPU
		{73CC1F38-6850-47BD-9B0D-B700CCEBE869}.Release|Any CPU.Build.0 = Release|Any CPU
	EndGlobalSection
	GlobalSection(NestedProjects) = preSolution
		{3DBA9C29-4BE1-4B98-900E-C4EFACC68E9F} = {6008E469-44D1-47FB-A9AF-19F2A944F561}
		{4A76069C-E139-4D4A-95A1-6DF8C43E9256} = {3DBA9C29-4BE1-4B98-900E-C4EFACC68E9F}
		{8E170128-74EB-4CD8-BBD4-588B072200CE} = {4A76069C-E139-4D4A-95A1-6DF8C43E9256}
		{0315B935-E40D-4017-9930-30687C9BCAD3} = {3DBA9C29-4BE1-4B98-900E-C4EFACC68E9F}
		{013943A1-0D73-4B17-ABBF-87D1BDE64461} = {0315B935-E40D-4017-9930-30687C9BCAD3}
		{BC295C43-3C01-4780-A1EE-3D8478406433} = {3DBA9C29-4BE1-4B98-900E-C4EFACC68E9F}
		{5605A7AF-B0A0-45EE-8D3A-377BC791D932} = {BC295C43-3C01-4780-A1EE-3D8478406433}
		{3EE56705-9AF0-45FD-89DB-A6D5592D1943} = {3DBA9C29-4BE1-4B98-900E-C4EFACC68E9F}
		{B5DB88FC-939C-484D-8154-170B37893336} = {3EE56705-9AF0-45FD-89DB-A6D5592D1943}
		{D5C6B4B4-7D7F-4896-86B3-E306B0DB1DDA} = {6008E469-44D1-47FB-A9AF-19F2A944F561}
		{960D5ED5-25B1-41CB-ADC2-AC36902CC0F9} = {D5C6B4B4-7D7F-4896-86B3-E306B0DB1DDA}
		{699EEDA4-FCD8-468A-90FF-3F7E86F08CBE} = {D5C6B4B4-7D7F-4896-86B3-E306B0DB1DDA}
		{0AB34A21-2ACF-475B-8CE8-D397F006F520} = {D5C6B4B4-7D7F-4896-86B3-E306B0DB1DDA}
		{D24B5C36-93BE-4AA8-93E8-B2A43D9BDD6F} = {3EE56705-9AF0-45FD-89DB-A6D5592D1943}
		{60C816CF-A5C6-49DC-8B64-26BAD5307B6B} = {3DBA9C29-4BE1-4B98-900E-C4EFACC68E9F}
		{93657E09-0693-40D4-B495-9ED94EEA2710} = {60C816CF-A5C6-49DC-8B64-26BAD5307B6B}
		{116D9C75-C761-466C-A2D8-C04EFEBAB4CC} = {9BA99C9C-8249-411F-BDC6-22CBF67A4C52}
		{24C8ECFB-94BE-4467-8309-AE6E77FA5F8F} = {3DBA9C29-4BE1-4B98-900E-C4EFACC68E9F}
		{DB87B40E-D5B9-4D0A-BFEE-4752F148E975} = {24C8ECFB-94BE-4467-8309-AE6E77FA5F8F}
		{1692A693-91E4-4172-9C8F-279C6A11E207} = {6008E469-44D1-47FB-A9AF-19F2A944F561}
		{3BC6427C-9DA7-49B1-B74A-8B1001699D5A} = {1692A693-91E4-4172-9C8F-279C6A11E207}
		{5537C5F3-132F-4EC1-AE7C-3A73C807608D} = {3BC6427C-9DA7-49B1-B74A-8B1001699D5A}
		{4287BE85-F588-4642-B288-4CE4499DA2B0} = {1692A693-91E4-4172-9C8F-279C6A11E207}
		{EAC6987F-877F-474C-A8E9-CCA546C371C8} = {4287BE85-F588-4642-B288-4CE4499DA2B0}
		{8B05521C-4A92-4604-9105-8ABB3F314939} = {1692A693-91E4-4172-9C8F-279C6A11E207}
		{EC33F3BA-FF5D-4489-9EAF-8A52E28A903B} = {8B05521C-4A92-4604-9105-8ABB3F314939}
		{87B3C1F5-72A1-43FA-AE66-E6BA44BF38D7} = {1692A693-91E4-4172-9C8F-279C6A11E207}
		{99AD8892-4868-4C30-A8C3-418A48BDC34B} = {87B3C1F5-72A1-43FA-AE66-E6BA44BF38D7}
		{BD354EB1-DC23-4B8E-AF2C-561FDF0998EE} = {87B3C1F5-72A1-43FA-AE66-E6BA44BF38D7}
		{95A645FD-DA79-4D68-B83D-F74A288B35A5} = {6008E469-44D1-47FB-A9AF-19F2A944F561}
		{F25D079A-86AD-4060-9DC5-C2A19093A86D} = {95A645FD-DA79-4D68-B83D-F74A288B35A5}
		{9AD7BB03-0316-4E64-A43D-039473599F01} = {F25D079A-86AD-4060-9DC5-C2A19093A86D}
		{362FB2F1-B39D-4797-BCEC-FB9173BDE078} = {95A645FD-DA79-4D68-B83D-F74A288B35A5}
		{EDB80319-870F-4E46-9867-FBE82D013B4E} = {362FB2F1-B39D-4797-BCEC-FB9173BDE078}
		{659FD055-44DE-4269-986D-13E795616762} = {95A645FD-DA79-4D68-B83D-F74A288B35A5}
		{165BC341-9167-4469-9597-FA01BF542C6E} = {659FD055-44DE-4269-986D-13E795616762}
		{BE36D7D1-6F1F-458F-AC5E-F0E8C3DEB77D} = {95A645FD-DA79-4D68-B83D-F74A288B35A5}
		{DD64DCB5-4532-49A6-994F-3146F094718D} = {BE36D7D1-6F1F-458F-AC5E-F0E8C3DEB77D}
		{9CB60392-0C97-4A35-A0A5-B0376AFABC4A} = {BE36D7D1-6F1F-458F-AC5E-F0E8C3DEB77D}
		{AF524F21-DCBA-4BE1-922D-5E701D1C89D7} = {95A645FD-DA79-4D68-B83D-F74A288B35A5}
		{B517ADC0-98C8-4A63-AA27-43A2AC044F87} = {AF524F21-DCBA-4BE1-922D-5E701D1C89D7}
		{0F0AD96C-3AD5-4C9D-8C56-A3140117563F} = {BE36D7D1-6F1F-458F-AC5E-F0E8C3DEB77D}
		{EE2715E2-6780-45B7-9F36-12C0D5838634} = {6008E469-44D1-47FB-A9AF-19F2A944F561}
		{DC3619C6-2B84-44E2-9BEC-BF6BCB2CB049} = {EE2715E2-6780-45B7-9F36-12C0D5838634}
		{AB04277E-97E5-45AE-8959-A03D6F19C085} = {DC3619C6-2B84-44E2-9BEC-BF6BCB2CB049}
		{540CA640-253D-457F-AB5A-9955F23C03B2} = {EE2715E2-6780-45B7-9F36-12C0D5838634}
		{CE6E563C-6ADA-43AD-BC7D-4333E0982CB8} = {540CA640-253D-457F-AB5A-9955F23C03B2}
		{5639BAB9-8656-42FD-90B0-20E9D33794B8} = {EE2715E2-6780-45B7-9F36-12C0D5838634}
		{B1678A91-C994-47F6-8A7E-8385A3ECF857} = {5639BAB9-8656-42FD-90B0-20E9D33794B8}
		{890B95B2-2A50-4D76-BE91-55F59674C2B2} = {EE2715E2-6780-45B7-9F36-12C0D5838634}
		{F5776BB8-D2E8-4BA8-BAAA-1AF6C37B385E} = {890B95B2-2A50-4D76-BE91-55F59674C2B2}
		{2B40A808-49C8-4667-B9EB-4553DA7BCD4A} = {9ADC5627-0B34-4497-87E0-609AC74AFD69}
		{8F3757A0-BF8B-493B-945F-3856A27DF784} = {2B40A808-49C8-4667-B9EB-4553DA7BCD4A}
		{6DB7AC27-9656-400A-853E-F51D56F08DA0} = {9ADC5627-0B34-4497-87E0-609AC74AFD69}
		{856CA7EB-F5E9-481F-A465-A75AD47F79F1} = {9ADC5627-0B34-4497-87E0-609AC74AFD69}
		{A18A195F-994F-454F-99B1-18CEACDA1BBB} = {C01FD891-4371-4DCE-9CDD-B3099BD13F3B}
		{E598C2CC-25B4-4CD0-9202-876D35B2F4AD} = {C01FD891-4371-4DCE-9CDD-B3099BD13F3B}
		{73CC1F38-6850-47BD-9B0D-B700CCEBE869} = {2B40A808-49C8-4667-B9EB-4553DA7BCD4A}
	EndGlobalSection
EndGlobal
